
Microsoft Visual Studio Solution File, Format Version 12.00
# Visual Studio Version 17
VisualStudioVersion = 17.5.002.0
MinimumVisualStudioVersion = 10.0.40219.1
Project("{9A19103F-16F7-4668-BE54-9A1E7A4F7556}") = "ex26", "Task_001\ex26.csproj", "{077D6D69-9BBD-4C99-BB10-9378ACD7763C}"
EndProject
Project("{9A19103F-16F7-4668-BE54-9A1E7A4F7556}") = "ex27", "Task_002\ex27.csproj", "{0D082575-0D8B-4C92-A925-D8B7EF7FF8D3}"
EndProject
Global
	GlobalSection(SolutionConfigurationPlatforms) = preSolution
		Debug|Any CPU = Debug|Any CPU
		Release|Any CPU = Release|Any CPU
	EndGlobalSection
	GlobalSection(ProjectConfigurationPlatforms) = postSolution
		{077D6D69-9BBD-4C99-BB10-9378ACD7763C}.Debug|Any CPU.ActiveCfg = Debug|Any CPU
		{077D6D69-9BBD-4C99-BB10-9378ACD7763C}.Debug|Any CPU.Build.0 = Debug|Any CPU
		{077D6D69-9BBD-4C99-BB10-9378ACD7763C}.Release|Any CPU.ActiveCfg = Release|Any CPU
		{077D6D69-9BBD-4C99-BB10-9378ACD7763C}.Release|Any CPU.Build.0 = Release|Any CPU
		{0D082575-0D8B-4C92-A925-D8B7EF7FF8D3}.Debug|Any CPU.ActiveCfg = Debug|Any CPU
		{0D082575-0D8B-4C92-A925-D8B7EF7FF8D3}.Debug|Any CPU.Build.0 = Debug|Any CPU
		{0D082575-0D8B-4C92-A925-D8B7EF7FF8D3}.Release|Any CPU.ActiveCfg = Release|Any CPU
		{0D082575-0D8B-4C92-A925-D8B7EF7FF8D3}.Release|Any CPU.Build.0 = Release|Any CPU
	EndGlobalSection
	GlobalSection(SolutionProperties) = preSolution
		HideSolutionNode = FALSE
	EndGlobalSection
	GlobalSection(ExtensibilityGlobals) = postSolution
		SolutionGuid = {33F22E3A-D3A5-48BD-9C17-7FEC0E385459}
	EndGlobalSection
EndGlobal
